// !$*UTF8*$!
{
	archiveVersion = 1;
	classes = {
	};
	objectVersion = 77;
	objects = {

/* Begin PBXBuildFile section */
		CD5A7AED844F717B78973CCA /* onnxruntime.xcframework in Frameworks */ = {isa = PBXBuildFile; fileRef = 8AAB83B1F088771C9F9EEB23 /* onnxruntime.xcframework */; };
		DD8858D0E4C1539B2E1424F4 /* sherpa-onnx.xcframework in Frameworks */ = {isa = PBXBuildFile; fileRef = 02AD9965AB7C055A93E1FA61 /* sherpa-onnx.xcframework */; };
		FE00000000000000000000A2 /* LiteRTLM.xcframework in Frameworks */ = {isa = PBXBuildFile; fileRef = FE00000000000000000000A1 /* LiteRTLM.xcframework */; };
		FE00000000000000000000A3 /* LiteRTLM.xcframework in Embed Frameworks */ = {isa = PBXBuildFile; fileRef = FE00000000000000000000A1 /* LiteRTLM.xcframework */; settings = {ATTRIBUTES = (CodeSignOnCopy, RemoveHeadersOnCopy, ); }; };
		DE60E273C976E13C12AD0E2D /* kokoro in Resources */ = {isa = PBXBuildFile; fileRef = 55C1424D174DA4E1C1C60C47 /* kokoro */; };
/* End PBXBuildFile section */

/* Begin PBXContainerItemProxy section */
		3172F8492FCBAD4500BDA198 /* PBXContainerItemProxy */ = {
			isa = PBXContainerItemProxy;
			containerPortal = 3172F8332FCBAD4400BDA198 /* Project object */;
			proxyType = 1;
			remoteGlobalIDString = 3172F83A2FCBAD4400BDA198;
			remoteInfo = "Doc Narrator";
		};
		3172F8532FCBAD4500BDA198 /* PBXContainerItemProxy */ = {
			isa = PBXContainerItemProxy;
			containerPortal = 3172F8332FCBAD4400BDA198 /* Project object */;
			proxyType = 1;
			remoteGlobalIDString = 3172F83A2FCBAD4400BDA198;
			remoteInfo = "Doc Narrator";
		};
/* End PBXContainerItemProxy section */

/* Begin PBXFileReference section */
		02AD9965AB7C055A93E1FA61 /* sherpa-onnx.xcframework */ = {isa = PBXFileReference; includeInIndex = 1; lastKnownFileType = wrapper.xcframework; path = "sherpa-onnx.xcframework"; sourceTree = SOURCE_ROOT; };
		FE00000000000000000000A1 /* LiteRTLM.xcframework */ = {isa = PBXFileReference; includeInIndex = 1; lastKnownFileType = wrapper.xcframework; path = LiteRTLM.xcframework; sourceTree = SOURCE_ROOT; };
		3172F83B2FCBAD4400BDA198 /* Doc Narrator.app */ = {isa = PBXFileReference; explicitFileType = wrapper.application; includeInIndex = 0; path = "Doc Narrator.app"; sourceTree = BUILT_PRODUCTS_DIR; };
		3172F8482FCBAD4500BDA198 /* Doc NarratorTests.xctest */ = {isa = PBXFileReference; explicitFileType = wrapper.cfbundle; includeInIndex = 0; path = "Doc NarratorTests.xctest"; sourceTree = BUILT_PRODUCTS_DIR; };
		3172F8522FCBAD4500BDA198 /* Doc NarratorUITests.xctest */ = {isa = PBXFileReference; explicitFileType = wrapper.cfbundle; includeInIndex = 0; path = "Doc NarratorUITests.xctest"; sourceTree = BUILT_PRODUCTS_DIR; };
		55C1424D174DA4E1C1C60C47 /* kokoro */ = {isa = PBXFileReference; includeInIndex = 1; lastKnownFileType = folder; name = kokoro; path = "Doc Narrator/kokoro"; sourceTree = SOURCE_ROOT; };
		8AAB83B1F088771C9F9EEB23 /* onnxruntime.xcframework */ = {isa = PBXFileReference; includeInIndex = 1; lastKnownFileType = wrapper.xcframework; path = onnxruntime.xcframework; sourceTree = SOURCE_ROOT; };
/* End PBXFileReference section */

/* Begin PBXFileSystemSynchronizedRootGroup section */
		3172F83D2FCBAD4400BDA198 /* Doc Narrator */ = {
			isa = PBXFileSystemSynchronizedRootGroup;
			path = "Doc Narrator";
			sourceTree = "<group>";
		};
		3172F84B2FCBAD4500BDA198 /* Doc NarratorTests */ = {
			isa = PBXFileSystemSynchronizedRootGroup;
			path = "Doc NarratorTests";
			sourceTree = "<group>";
		};
		3172F8552FCBAD4500BDA198 /* Doc NarratorUITests */ = {
			isa = PBXFileSystemSynchronizedRootGroup;
			path = "Doc NarratorUITests";
			sourceTree = "<group>";
		};
/* End PBXFileSystemSynchronizedRootGroup section */

/* Begin PBXFrameworksBuildPhase section */
		3172F8382FCBAD4400BDA198 /* Frameworks */ = {
			isa = PBXFrameworksBuildPhase;
			buildActionMask = 2147483647;
			files = (
				DD8858D0E4C1539B2E1424F4 /* sherpa-onnx.xcframework in Frameworks */,
				CD5A7AED844F717B78973CCA /* onnxruntime.xcframework in Frameworks */,
				FE00000000000000000000A2 /* LiteRTLM.xcframework in Frameworks */,
			);
			runOnlyForDeploymentPostprocessing = 0;
		};
		3172F8452FCBAD4500BDA198 /* Frameworks */ = {
			isa = PBXFrameworksBuildPhase;
			buildActionMask = 2147483647;
			files = (
			);
			runOnlyForDeploymentPostprocessing = 0;
		};
		3172F84F2FCBAD4500BDA198 /* Frameworks */ = {
			isa = PBXFrameworksBuildPhase;
			buildActionMask = 2147483647;
			files = (
			);
			runOnlyForDeploymentPostprocessing = 0;
		};
/* End PBXFrameworksBuildPhase section */

/* Begin PBXCopyFilesBuildPhase section */
		FE00000000000000000000A4 /* Embed Frameworks */ = {
			isa = PBXCopyFilesBuildPhase;
			buildActionMask = 2147483647;
			dstPath = "";
			dstSubfolderSpec = 10;
			files = (
				FE00000000000000000000A3 /* LiteRTLM.xcframework in Embed Frameworks */,
			);
			name = "Embed Frameworks";
			runOnlyForDeploymentPostprocessing = 0;
		};
/* End PBXCopyFilesBuildPhase section */

/* Begin PBXShellScriptBuildPhase section */
		FE00000000000000000000A5 /* Re-sign nested dylib */ = {
			isa = PBXShellScriptBuildPhase;
			buildActionMask = 2147483647;
			files = (
			);
			inputPaths = (
			);
			name = "Re-sign nested dylib";
			outputPaths = (
			);
			runOnlyForDeploymentPostprocessing = 0;
			shellPath = /bin/sh;
			shellScript = "FW=\"${CODESIGNING_FOLDER_PATH}/Frameworks/CLiteRTLM.framework\"\nif [ -d \"$FW\" ] && [ -n \"${EXPANDED_CODE_SIGN_IDENTITY}\" ]; then\n  codesign --force --sign \"${EXPANDED_CODE_SIGN_IDENTITY}\" --timestamp=none \"$FW/libGemmaModelConstraintProvider.dylib\"\n  codesign --force --sign \"${EXPANDED_CODE_SIGN_IDENTITY}\" --timestamp=none \"$FW\"\nfi\n";
		};
/* End PBXShellScriptBuildPhase section */

/* Begin PBXGroup section */
		3172F8322FCBAD4400BDA198 = {
			isa = PBXGroup;
			children = (
				3172F83D2FCBAD4400BDA198 /* Doc Narrator */,
				3172F84B2FCBAD4500BDA198 /* Doc NarratorTests */,
				3172F8552FCBAD4500BDA198 /* Doc NarratorUITests */,
				3172F83C2FCBAD4400BDA198 /* Products */,
				4DFED3C05C94CE8F9B11A2AB /* Frameworks */,
				55C1424D174DA4E1C1C60C47 /* kokoro */,
			);
			sourceTree = "<group>";
		};
		3172F83C2FCBAD4400BDA198 /* Products */ = {
			isa = PBXGroup;
			children = (
				3172F83B2FCBAD4400BDA198 /* Doc Narrator.app */,
				3172F8482FCBAD4500BDA198 /* Doc NarratorTests.xctest */,
				3172F8522FCBAD4500BDA198 /* Doc NarratorUITests.xctest */,
			);
			name = Products;
			sourceTree = "<group>";
		};
		4DFED3C05C94CE8F9B11A2AB /* Frameworks */ = {
			isa = PBXGroup;
			children = (
				02AD9965AB7C055A93E1FA61 /* sherpa-onnx.xcframework */,
				8AAB83B1F088771C9F9EEB23 /* onnxruntime.xcframework */,
				FE00000000000000000000A1 /* LiteRTLM.xcframework */,
			);
			name = Frameworks;
			sourceTree = "<group>";
		};
/* End PBXGroup section */

/* Begin PBXNativeTarget section */
		3172F83A2FCBAD4400BDA198 /* Doc Narrator */ = {
			isa = PBXNativeTarget;
			buildConfigurationList = 3172F85C2FCBAD4500BDA198 /* Build configuration list for PBXNativeTarget "Doc Narrator" */;
			buildPhases = (
				3172F8372FCBAD4400BDA198 /* Sources */,
				3172F8382FCBAD4400BDA198 /* Frameworks */,
				3172F8392FCBAD4400BDA198 /* Resources */,
				FE00000000000000000000A4 /* Embed Frameworks */,
				FE00000000000000000000A5 /* Re-sign nested dylib */,
			);
			buildRules = (
			);
			dependencies = (
			);
			fileSystemSynchronizedGroups = (
				3172F83D2FCBAD4400BDA198 /* Doc Narrator */,
			);
			name = "Doc Narrator";
			productName = "Doc Narrator";
			productReference = 3172F83B2FCBAD4400BDA198 /* Doc Narrator.app */;
			productType = "com.apple.product-type.application";
		};
		3172F8472FCBAD4500BDA198 /* Doc NarratorTests */ = {
			isa = PBXNativeTarget;
			buildConfigurationList = 3172F85F2FCBAD4500BDA198 /* Build configuration list for PBXNativeTarget "Doc NarratorTests" */;
			buildPhases = (
				3172F8442FCBAD4500BDA198 /* Sources */,
				3172F8452FCBAD4500BDA198 /* Frameworks */,
				3172F8462FCBAD4500BDA198 /* Resources */,
			);
			buildRules = (
			);
			dependencies = (
				3172F84A2FCBAD4500BDA198 /* PBXTargetDependency */,
			);
			fileSystemSynchronizedGroups = (
				3172F84B2FCBAD4500BDA198 /* Doc NarratorTests */,
			);
			name = "Doc NarratorTests";
			productName = "Doc NarratorTests";
			productReference = 3172F8482FCBAD4500BDA198 /* Doc NarratorTests.xctest */;
			productType = "com.apple.product-type.bundle.unit-test";
		};
		3172F8512FCBAD4500BDA198 /* Doc NarratorUITests */ = {
			isa = PBXNativeTarget;
			buildConfigurationList = 3172F8622FCBAD4500BDA198 /* Build configuration list for PBXNativeTarget "Doc NarratorUITests" */;
			buildPhases = (
				3172F84E2FCBAD4500BDA198 /* Sources */,
				3172F84F2FCBAD4500BDA198 /* Frameworks */,
				3172F8502FCBAD4500BDA198 /* Resources */,
			);
			buildRules = (
			);
			dependencies = (
				3172F8542FCBAD4500BDA198 /* PBXTargetDependency */,
			);
			fileSystemSynchronizedGroups = (
				3172F8552FCBAD4500BDA198 /* Doc NarratorUITests */,
			);
			name = "Doc NarratorUITests";
			productName = "Doc NarratorUITests";
			productReference = 3172F8522FCBAD4500BDA198 /* Doc NarratorUITests.xctest */;
			productType = "com.apple.product-type.bundle.ui-testing";
		};
/* End PBXNativeTarget section */

/* Begin PBXProject section */
		3172F8332FCBAD4400BDA198 /* Project object */ = {
			isa = PBXProject;
			attributes = {
				BuildIndependentTargetsInParallel = 1;
				LastSwiftUpdateCheck = 2640;
				LastUpgradeCheck = 2640;
				TargetAttributes = {
					3172F83A2FCBAD4400BDA198 = {
						CreatedOnToolsVersion = 26.4.1;
					};
					3172F8472FCBAD4500BDA198 = {
						CreatedOnToolsVersion = 26.4.1;
						TestTargetID = 3172F83A2FCBAD4400BDA198;
					};
					3172F8512FCBAD4500BDA198 = {
						CreatedOnToolsVersion = 26.4.1;
						TestTargetID = 3172F83A2FCBAD4400BDA198;
					};
				};
			};
			buildConfigurationList = 3172F8362FCBAD4400BDA198 /* Build configuration list for PBXProject "Doc Narrator" */;
			developmentRegion = en;
			hasScannedForEncodings = 0;
			knownRegions = (
				en,
				Base,
			);
			mainGroup = 3172F8322FCBAD4400BDA198;
			minimizedProjectReferenceProxies = 1;
			preferredProjectObjectVersion = 77;
			productRefGroup = 3172F83C2FCBAD4400BDA198 /* Products */;
			projectDirPath = "";
			projectRoot = "";
			targets = (
				3172F83A2FCBAD4400BDA198 /* Doc Narrator */,
				3172F8472FCBAD4500BDA198 /* Doc NarratorTests */,
				3172F8512FCBAD4500BDA198 /* Doc NarratorUITests */,
			);
		};
/* End PBXProject section */

/* Begin PBXResourcesBuildPhase section */
		3172F8392FCBAD4400BDA198 /* Resources */ = {
			isa = PBXResourcesBuildPhase;
			buildActionMask = 2147483647;
			files = (
				DE60E273C976E13C12AD0E2D /* kokoro in Resources */,
			);
			runOnlyForDeploymentPostprocessing = 0;
		};
		3172F8462FCBAD4500BDA198 /* Resources */ = {
			isa = PBXResourcesBuildPhase;
			buildActionMask = 2147483647;
			files = (
			);
			runOnlyForDeploymentPostprocessing = 0;
		};
		3172F8502FCBAD4500BDA198 /* Resources */ = {
			isa = PBXResourcesBuildPhase;
			buildActionMask = 2147483647;
			files = (
			);
			runOnlyForDeploymentPostprocessing = 0;
		};
/* End PBXResourcesBuildPhase section */

/* Begin PBXSourcesBuildPhase section */
		3172F8372FCBAD4400BDA198 /* Sources */ = {
			isa = PBXSourcesBuildPhase;
			buildActionMask = 2147483647;
			files = (
			);
			runOnlyForDeploymentPostprocessing = 0;
		};
		3172F8442FCBAD4500BDA198 /* Sources */ = {
			isa = PBXSourcesBuildPhase;
			buildActionMask = 2147483647;
			files = (
			);
			runOnlyForDeploymentPostprocessing = 0;
		};
		3172F84E2FCBAD4500BDA198 /* Sources */ = {
			isa = PBXSourcesBuildPhase;
			buildActionMask = 2147483647;
			files = (
			);
			runOnlyForDeploymentPostprocessing = 0;
		};
/* End PBXSourcesBuildPhase section */

/* Begin PBXTargetDependency section */
		3172F84A2FCBAD4500BDA198 /* PBXTargetDependency */ = {
			isa = PBXTargetDependency;
			target = 3172F83A2FCBAD4400BDA198 /* Doc Narrator */;
			targetProxy = 3172F8492FCBAD4500BDA198 /* PBXContainerItemProxy */;
		};
		3172F8542FCBAD4500BDA198 /* PBXTargetDependency */ = {
			isa = PBXTargetDependency;
			target = 3172F83A2FCBAD4400BDA198 /* Doc Narrator */;
			targetProxy = 3172F8532FCBAD4500BDA198 /* PBXContainerItemProxy */;
		};
/* End PBXTargetDependency section */

/* Begin XCBuildConfiguration section */
		3172F85A2FCBAD4500BDA198 /* Debug */ = {
			isa = XCBuildConfiguration;
			buildSettings = {
				ALWAYS_SEARCH_USER_PATHS = NO;
				ASSETCATALOG_COMPILER_GENERATE_SWIFT_ASSET_SYMBOL_EXTENSIONS = YES;
				CLANG_ANALYZER_NONNULL = YES;
				CLANG_ANALYZER_NUMBER_OBJECT_CONVERSION = YES_AGGRESSIVE;
				CLANG_CXX_LANGUAGE_STANDARD = "gnu++20";
				CLANG_ENABLE_MODULES = YES;
				CLANG_ENABLE_OBJC_ARC = YES;
				CLANG_ENABLE_OBJC_WEAK = YES;
				CLANG_WARN_BLOCK_CAPTURE_AUTORELEASING = YES;
				CLANG_WARN_BOOL_CONVERSION = YES;
				CLANG_WARN_COMMA = YES;
				CLANG_WARN_CONSTANT_CONVERSION = YES;
				CLANG_WARN_DEPRECATED_OBJC_IMPLEMENTATIONS = YES;
				CLANG_WARN_DIRECT_OBJC_ISA_USAGE = YES_ERROR;
				CLANG_WARN_DOCUMENTATION_COMMENTS = YES;
				CLANG_WARN_EMPTY_BODY = YES;
				CLANG_WARN_ENUM_CONVERSION = YES;
				CLANG_WARN_INFINITE_RECURSION = YES;
				CLANG_WARN_INT_CONVERSION = YES;
				CLANG_WARN_NON_LITERAL_NULL_CONVERSION = YES;
				CLANG_WARN_OBJC_IMPLICIT_RETAIN_SELF = YES;
				CLANG_WARN_OBJC_LITERAL_CONVERSION = YES;
				CLANG_WARN_OBJC_ROOT_CLASS = YES_ERROR;
				CLANG_WARN_QUOTED_INCLUDE_IN_FRAMEWORK_HEADER = YES;
				CLANG_WARN_RANGE_LOOP_ANALYSIS = YES;
				CLANG_WARN_STRICT_PROTOTYPES = YES;
				CLANG_WARN_SUSPICIOUS_MOVE = YES;
				CLANG_WARN_UNGUARDED_AVAILABILITY = YES_AGGRESSIVE;
				CLANG_WARN_UNREACHABLE_CODE = YES;
				CLANG_WARN__DUPLICATE_METHOD_MATCH = YES;
				COPY_PHASE_STRIP = NO;
				DEBUG_INFORMATION_FORMAT = dwarf;
				DEVELOPMENT_TEAM = AS48H425CW;
				ENABLE_STRICT_OBJC_MSGSEND = YES;
				ENABLE_TESTABILITY = YES;
				ENABLE_USER_SCRIPT_SANDBOXING = YES;
				GCC_C_LANGUAGE_STANDARD = gnu17;
				GCC_DYNAMIC_NO_PIC = NO;
				GCC_NO_COMMON_BLOCKS = YES;
				GCC_OPTIMIZATION_LEVEL = 0;
				GCC_PREPROCESSOR_DEFINITIONS = (
					"DEBUG=1",
					"$(inherited)",
				);
				GCC_WARN_64_TO_32_BIT_CONVERSION = YES;
				GCC_WARN_ABOUT_RETURN_TYPE = YES_ERROR;
				GCC_WARN_UNDECLARED_SELECTOR = YES;
				GCC_WARN_UNINITIALIZED_AUTOS = YES_AGGRESSIVE;
				GCC_WARN_UNUSED_FUNCTION = YES;
				GCC_WARN_UNUSED_VARIABLE = YES;
				IPHONEOS_DEPLOYMENT_TARGET = 26.4;
				LOCALIZATION_PREFERS_STRING_CATALOGS = YES;
				MTL_ENABLE_DEBUG_INFO = INCLUDE_SOURCE;
				MTL_FAST_MATH = YES;
				ONLY_ACTIVE_ARCH = YES;
				SDKROOT = iphoneos;
				SWIFT_ACTIVE_COMPILATION_CONDITIONS = "DEBUG $(inherited)";
				SWIFT_OPTIMIZATION_LEVEL = "-Onone";
			};
			name = Debug;
		};
		3172F85B2FCBAD4500BDA198 /* Release */ = {
			isa = XCBuildConfiguration;
			buildSettings = {
				ALWAYS_SEARCH_USER_PATHS = NO;
				ASSETCATALOG_COMPILER_GENERATE_SWIFT_ASSET_SYMBOL_EXTENSIONS = YES;
				CLANG_ANALYZER_NONNULL = YES;
				CLANG_ANALYZER_NUMBER_OBJECT_CONVERSION = YES_AGGRESSIVE;
				CLANG_CXX_LANGUAGE_STANDARD = "gnu++20";
				CLANG_ENABLE_MODULES = YES;
				CLANG_ENABLE_OBJC_ARC = YES;
				CLANG_ENABLE_OBJC_WEAK = YES;
				CLANG_WARN_BLOCK_CAPTURE_AUTORELEASING = YES;
				CLANG_WARN_BOOL_CONVERSION = YES;
				CLANG_WARN_COMMA = YES;
				CLANG_WARN_CONSTANT_CONVERSION = YES;
				CLANG_WARN_DEPRECATED_OBJC_IMPLEMENTATIONS = YES;
				CLANG_WARN_DIRECT_OBJC_ISA_USAGE = YES_ERROR;
				CLANG_WARN_DOCUMENTATION_COMMENTS = YES;
				CLANG_WARN_EMPTY_BODY = YES;
				CLANG_WARN_ENUM_CONVERSION = YES;
				CLANG_WARN_INFINITE_RECURSION = YES;
				CLANG_WARN_INT_CONVERSION = YES;
				CLANG_WARN_NON_LITERAL_NULL_CONVERSION = YES;
				CLANG_WARN_OBJC_IMPLICIT_RETAIN_SELF = YES;
				CLANG_WARN_OBJC_LITERAL_CONVERSION = YES;
				CLANG_WARN_OBJC_ROOT_CLASS = YES_ERROR;
				CLANG_WARN_QUOTED_INCLUDE_IN_FRAMEWORK_HEADER = YES;
				CLANG_WARN_RANGE_LOOP_ANALYSIS = YES;
				CLANG_WARN_STRICT_PROTOTYPES = YES;
				CLANG_WARN_SUSPICIOUS_MOVE = YES;
				CLANG_WARN_UNGUARDED_AVAILABILITY = YES_AGGRESSIVE;
				CLANG_WARN_UNREACHABLE_CODE = YES;
				CLANG_WARN__DUPLICATE_METHOD_MATCH = YES;
				COPY_PHASE_STRIP = NO;
				DEBUG_INFORMATION_FORMAT = "dwarf-with-dsym";
				DEVELOPMENT_TEAM = AS48H425CW;
				ENABLE_NS_ASSERTIONS = NO;
				ENABLE_STRICT_OBJC_MSGSEND = YES;
				ENABLE_USER_SCRIPT_SANDBOXING = YES;
				GCC_C_LANGUAGE_STANDARD = gnu17;
				GCC_NO_COMMON_BLOCKS = YES;
				GCC_WARN_64_TO_32_BIT_CONVERSION = YES;
				GCC_WARN_ABOUT_RETURN_TYPE = YES_ERROR;
				GCC_WARN_UNDECLARED_SELECTOR = YES;
				GCC_WARN_UNINITIALIZED_AUTOS = YES_AGGRESSIVE;
				GCC_WARN_UNUSED_FUNCTION = YES;
				GCC_WARN_UNUSED_VARIABLE = YES;
				IPHONEOS_DEPLOYMENT_TARGET = 26.4;
				LOCALIZATION_PREFERS_STRING_CATALOGS = YES;
				MTL_ENABLE_DEBUG_INFO = NO;
				MTL_FAST_MATH = YES;
				SDKROOT = iphoneos;
				SWIFT_COMPILATION_MODE = wholemodule;
				VALIDATE_PRODUCT = YES;
			};
			name = Release;
		};
		3172F85D2FCBAD4500BDA198 /* Debug */ = {
			isa = XCBuildConfiguration;
			buildSettings = {
				ASSETCATALOG_COMPILER_APPICON_NAME = AppIcon;
				ASSETCATALOG_COMPILER_GLOBAL_ACCENT_COLOR_NAME = AccentColor;
				CODE_SIGN_STYLE = Automatic;
				CURRENT_PROJECT_VERSION = 1;
				DEVELOPMENT_TEAM = AS48H425CW;
				ENABLE_PREVIEWS = YES;
				ENABLE_USER_SCRIPT_SANDBOXING = NO;
				FRAMEWORK_SEARCH_PATHS = (
					"$(inherited)",
					"$(SRCROOT)",
				);
				GENERATE_INFOPLIST_FILE = NO;
				HEADER_SEARCH_PATHS = (
					"$(inherited)",
					"$(SRCROOT)/sherpa-onnx.xcframework/ios-arm64/Headers",
					"$(SRCROOT)/sherpa-onnx.xcframework/ios-arm64_x86_64-simulator/Headers",
				);
				INFOPLIST_FILE = Info.plist;
				LD_RUNPATH_SEARCH_PATHS = (
					"$(inherited)",
					"@executable_path/Frameworks",
				);
				MARKETING_VERSION = 1.0;
				OTHER_LDFLAGS = "-lc++";
				PRODUCT_BUNDLE_IDENTIFIER = "in.lyr.Doc-Narrator";
				PRODUCT_NAME = "$(TARGET_NAME)";
				STRING_CATALOG_GENERATE_SYMBOLS = YES;
				SWIFT_APPROACHABLE_CONCURRENCY = YES;
				SWIFT_DEFAULT_ACTOR_ISOLATION = MainActor;
				SWIFT_EMIT_LOC_STRINGS = YES;
				SWIFT_OBJC_BRIDGING_HEADER = "Doc Narrator/Doc Narrator-Bridging-Header.h";
				SWIFT_UPCOMING_FEATURE_MEMBER_IMPORT_VISIBILITY = YES;
				SWIFT_VERSION = 5.0;
				TARGETED_DEVICE_FAMILY = "1,2";
			};
			name = Debug;
		};
		3172F85E2FCBAD4500BDA198 /* Release */ = {
			isa = XCBuildConfiguration;
			buildSettings = {
				ASSETCATALOG_COMPILER_APPICON_NAME = AppIcon;
				ASSETCATALOG_COMPILER_GLOBAL_ACCENT_COLOR_NAME = AccentColor;
				CODE_SIGN_STYLE = Automatic;
				CURRENT_PROJECT_VERSION = 1;
				DEVELOPMENT_TEAM = AS48H425CW;
				ENABLE_PREVIEWS = YES;
				ENABLE_USER_SCRIPT_SANDBOXING = NO;
				FRAMEWORK_SEARCH_PATHS = (
					"$(inherited)",
					"$(SRCROOT)",
				);
				GENERATE_INFOPLIST_FILE = NO;
				HEADER_SEARCH_PATHS = (
					"$(inherited)",
					"$(SRCROOT)/sherpa-onnx.xcframework/ios-arm64/Headers",
					"$(SRCROOT)/sherpa-onnx.xcframework/ios-arm64_x86_64-simulator/Headers",
				);
				INFOPLIST_FILE = Info.plist;
				INFOPLIST_KEY_UIApplicationSceneManifest_Generation = YES;
				INFOPLIST_KEY_UIApplicationSupportsIndirectInputEvents = YES;
				INFOPLIST_KEY_UILaunchScreen_Generation = YES;
				INFOPLIST_KEY_UISupportedInterfaceOrientations_iPad = "UIInterfaceOrientationPortrait UIInterfaceOrientationPortraitUpsideDown UIInterfaceOrientationLandscapeLeft UIInterfaceOrientationLandscapeRight";
				INFOPLIST_KEY_UISupportedInterfaceOrientations_iPhone = "UIInterfaceOrientationPortrait UIInterfaceOrientationLandscapeLeft UIInterfaceOrientationLandscapeRight";
				LD_RUNPATH_SEARCH_PATHS = (
					"$(inherited)",
					"@executable_path/Frameworks",
				);
				MARKETING_VERSION = 1.0;
				OTHER_LDFLAGS = "-lc++";
				PRODUCT_BUNDLE_IDENTIFIER = "in.lyr.Doc-Narrator";
				PRODUCT_NAME = "$(TARGET_NAME)";
				STRING_CATALOG_GENERATE_SYMBOLS = YES;
				SWIFT_APPROACHABLE_CONCURRENCY = YES;
				SWIFT_DEFAULT_ACTOR_ISOLATION = MainActor;
				SWIFT_EMIT_LOC_STRINGS = YES;
				SWIFT_OBJC_BRIDGING_HEADER = "Doc Narrator/Doc Narrator-Bridging-Header.h";
				SWIFT_UPCOMING_FEATURE_MEMBER_IMPORT_VISIBILITY = YES;
				SWIFT_VERSION = 5.0;
				TARGETED_DEVICE_FAMILY = "1,2";
			};
			name = Release;
		};
		3172F8602FCBAD4500BDA198 /* Debug */ = {
			isa = XCBuildConfiguration;
			buildSettings = {
				BUNDLE_LOADER = "$(TEST_HOST)";
				CODE_SIGN_STYLE = Automatic;
				CURRENT_PROJECT_VERSION = 1;
				DEVELOPMENT_TEAM = AS48H425CW;
				GENERATE_INFOPLIST_FILE = YES;
				IPHONEOS_DEPLOYMENT_TARGET = 26.4;
				MARKETING_VERSION = 1.0;
				PRODUCT_BUNDLE_IDENTIFIER = "in.lyr.Doc-NarratorTests";
				PRODUCT_NAME = "$(TARGET_NAME)";
				STRING_CATALOG_GENERATE_SYMBOLS = NO;
				SWIFT_APPROACHABLE_CONCURRENCY = YES;
				SWIFT_EMIT_LOC_STRINGS = NO;
				SWIFT_UPCOMING_FEATURE_MEMBER_IMPORT_VISIBILITY = YES;
				SWIFT_VERSION = 5.0;
				TARGETED_DEVICE_FAMILY = "1,2";
				TEST_HOST = "$(BUILT_PRODUCTS_DIR)/Doc Narrator.app/$(BUNDLE_EXECUTABLE_FOLDER_PATH)/Doc Narrator";
			};
			name = Debug;
		};
		3172F8612FCBAD4500BDA198 /* Release */ = {
			isa = XCBuildConfiguration;
			buildSettings = {
				BUNDLE_LOADER = "$(TEST_HOST)";
				CODE_SIGN_STYLE = Automatic;
				CURRENT_PROJECT_VERSION = 1;
				DEVELOPMENT_TEAM = AS48H425CW;
				GENERATE_INFOPLIST_FILE = YES;
				IPHONEOS_DEPLOYMENT_TARGET = 26.4;
				MARKETING_VERSION = 1.0;
				PRODUCT_BUNDLE_IDENTIFIER = "in.lyr.Doc-NarratorTests";
				PRODUCT_NAME = "$(TARGET_NAME)";
				STRING_CATALOG_GENERATE_SYMBOLS = NO;
				SWIFT_APPROACHABLE_CONCURRENCY = YES;
				SWIFT_EMIT_LOC_STRINGS = NO;
				SWIFT_UPCOMING_FEATURE_MEMBER_IMPORT_VISIBILITY = YES;
				SWIFT_VERSION = 5.0;
				TARGETED_DEVICE_FAMILY = "1,2";
				TEST_HOST = "$(BUILT_PRODUCTS_DIR)/Doc Narrator.app/$(BUNDLE_EXECUTABLE_FOLDER_PATH)/Doc Narrator";
			};
			name = Release;
		};
		3172F8632FCBAD4500BDA198 /* Debug */ = {
			isa = XCBuildConfiguration;
			buildSettings = {
				CODE_SIGN_STYLE = Automatic;
				CURRENT_PROJECT_VERSION = 1;
				DEVELOPMENT_TEAM = AS48H425CW;
				GENERATE_INFOPLIST_FILE = YES;
				MARKETING_VERSION = 1.0;
				PRODUCT_BUNDLE_IDENTIFIER = "in.lyr.Doc-NarratorUITests";
				PRODUCT_NAME = "$(TARGET_NAME)";
				STRING_CATALOG_GENERATE_SYMBOLS = NO;
				SWIFT_APPROACHABLE_CONCURRENCY = YES;
				SWIFT_EMIT_LOC_STRINGS = NO;
				SWIFT_UPCOMING_FEATURE_MEMBER_IMPORT_VISIBILITY = YES;
				SWIFT_VERSION = 5.0;
				TARGETED_DEVICE_FAMILY = "1,2";
				TEST_TARGET_NAME = "Doc Narrator";
			};
			name = Debug;
		};
		3172F8642FCBAD4500BDA198 /* Release */ = {
			isa = XCBuildConfiguration;
			buildSettings = {
				CODE_SIGN_STYLE = Automatic;
				CURRENT_PROJECT_VERSION = 1;
				DEVELOPMENT_TEAM = AS48H425CW;
				GENERATE_INFOPLIST_FILE = YES;
				MARKETING_VERSION = 1.0;
				PRODUCT_BUNDLE_IDENTIFIER = "in.lyr.Doc-NarratorUITests";
				PRODUCT_NAME = "$(TARGET_NAME)";
				STRING_CATALOG_GENERATE_SYMBOLS = NO;
				SWIFT_APPROACHABLE_CONCURRENCY = YES;
				SWIFT_EMIT_LOC_STRINGS = NO;
				SWIFT_UPCOMING_FEATURE_MEMBER_IMPORT_VISIBILITY = YES;
				SWIFT_VERSION = 5.0;
				TARGETED_DEVICE_FAMILY = "1,2";
				TEST_TARGET_NAME = "Doc Narrator";
			};
			name = Release;
		};
/* End XCBuildConfiguration section */

/* Begin XCConfigurationList section */
		3172F8362FCBAD4400BDA198 /* Build configuration list for PBXProject "Doc Narrator" */ = {
			isa = XCConfigurationList;
			buildConfigurations = (
				3172F85A2FCBAD4500BDA198 /* Debug */,
				3172F85B2FCBAD4500BDA198 /* Release */,
			);
			defaultConfigurationIsVisible = 0;
			defaultConfigurationName = Release;
		};
		3172F85C2FCBAD4500BDA198 /* Build configuration list for PBXNativeTarget "Doc Narrator" */ = {
			isa = XCConfigurationList;
			buildConfigurations = (
				3172F85D2FCBAD4500BDA198 /* Debug */,
				3172F85E2FCBAD4500BDA198 /* Release */,
			);
			defaultConfigurationIsVisible = 0;
			defaultConfigurationName = Release;
		};
		3172F85F2FCBAD4500BDA198 /* Build configuration list for PBXNativeTarget "Doc NarratorTests" */ = {
			isa = XCConfigurationList;
			buildConfigurations = (
				3172F8602FCBAD4500BDA198 /* Debug */,
				3172F8612FCBAD4500BDA198 /* Release */,
			);
			defaultConfigurationIsVisible = 0;
			defaultConfigurationName = Release;
		};
		3172F8622FCBAD4500BDA198 /* Build configuration list for PBXNativeTarget "Doc NarratorUITests" */ = {
			isa = XCConfigurationList;
			buildConfigurations = (
				3172F8632FCBAD4500BDA198 /* Debug */,
				3172F8642FCBAD4500BDA198 /* Release */,
			);
			defaultConfigurationIsVisible = 0;
			defaultConfigurationName = Release;
		};
/* End XCConfigurationList section */
	};
	rootObject = 3172F8332FCBAD4400BDA198 /* Project object */;
}
